
Microsoft Visual Studio Solution File, Format Version 12.00
# Visual Studio Version 16
VisualStudioVersion = 16.0.30907.101
MinimumVisualStudioVersion = 10.0.40219.1
Project("{FAE04EC0-301F-11D3-BF4B-00C04F79EFBC}") = "PasswordValidator", "PasswordValidator\PasswordValidator.csproj", "{2B96397D-FDFD-48D1-9293-8C65494EDDCB}"
EndProject
Global
	GlobalSection(SolutionConfigurationPlatforms) = preSolution
		Debug|Any CPU = Debug|Any CPU
		Release|Any CPU = Release|Any CPU
	EndGlobalSection
	GlobalSection(ProjectConfigurationPlatforms) = postSolution
		{2B96397D-FDFD-48D1-9293-8C65494EDDCB}.Debug|Any CPU.ActiveCfg = Debug|Any CPU
		{2B96397D-FDFD-48D1-9293-8C65494EDDCB}.Debug|Any CPU.Build.0 = Debug|Any CPU
		{2B96397D-FDFD-48D1-9293-8C65494EDDCB}.Release|Any CPU.ActiveCfg = Release|Any CPU
		{2B96397D-FDFD-48D1-9293-8C65494EDDCB}.Release|Any CPU.Build.0 = Release|Any CPU
	EndGlobalSection
	GlobalSection(SolutionProperties) = preSolution
		HideSolutionNode = FALSE
	EndGlobalSection
	GlobalSection(ExtensibilityGlobals) = postSolution
		SolutionGuid = {37543B45-E23C-489C-98EF-8B5C2D056FCE}
	EndGlobalSection
EndGlobal
